
Microsoft Visual Studio Solution File, Format Version 12.00
Project("{FAE04EC0-301F-11D3-BF4B-00C04F79EFBC}") = "Violetum.ApplicationCore", "src\Violetum.ApplicationCore\Violetum.ApplicationCore.csproj", "{25F355F8-0620-47AF-92E4-853296534DAF}"
EndProject
Project("{FAE04EC0-301F-11D3-BF4B-00C04F79EFBC}") = "Violetum.Domain", "src\Violetum.Domain\Violetum.Domain.csproj", "{D36535E6-253E-47B0-9DA8-E92E094B4E10}"
EndProject
Project("{FAE04EC0-301F-11D3-BF4B-00C04F79EFBC}") = "Violetum.Infrastructure", "src\Violetum.Infrastructure\Violetum.Infrastructure.csproj", "{C75FDB79-ADB2-44BE-984D-F00977793FC2}"
EndProject
Project("{FAE04EC0-301F-11D3-BF4B-00C04F79EFBC}") = "Violetum.API", "src\Violetum.API\Violetum.API.csproj", "{90B3BD36-4923-4A79-B18D-E568F1ACB87A}"
EndProject
Project("{FAE04EC0-301F-11D3-BF4B-00C04F79EFBC}") = "Violetum.Web", "src\Violetum.Web\Violetum.Web.csproj", "{CF779597-2E03-44DD-95B8-E431425C0323}"
EndProject
Project("{FAE04EC0-301F-11D3-BF4B-00C04F79EFBC}") = "Violetum.IdentityServer", "src\Violetum.IdentityServer\Violetum.IdentityServer.csproj", "{44975DDE-F269-48B7-86AC-C664E72F741E}"
EndProject
Global
	GlobalSection(SolutionConfigurationPlatforms) = preSolution
		Debug|Any CPU = Debug|Any CPU
		Release|Any CPU = Release|Any CPU
	EndGlobalSection
	GlobalSection(ProjectConfigurationPlatforms) = postSolution
		{25F355F8-0620-47AF-92E4-853296534DAF}.Debug|Any CPU.ActiveCfg = Debug|Any CPU
		{25F355F8-0620-47AF-92E4-853296534DAF}.Debug|Any CPU.Build.0 = Debug|Any CPU
		{25F355F8-0620-47AF-92E4-853296534DAF}.Release|Any CPU.ActiveCfg = Release|Any CPU
		{25F355F8-0620-47AF-92E4-853296534DAF}.Release|Any CPU.Build.0 = Release|Any CPU
		{D36535E6-253E-47B0-9DA8-E92E094B4E10}.Debug|Any CPU.ActiveCfg = Debug|Any CPU
		{D36535E6-253E-47B0-9DA8-E92E094B4E10}.Debug|Any CPU.Build.0 = Debug|Any CPU
		{D36535E6-253E-47B0-9DA8-E92E094B4E10}.Release|Any CPU.ActiveCfg = Release|Any CPU
		{D36535E6-253E-47B0-9DA8-E92E094B4E10}.Release|Any CPU.Build.0 = Release|Any CPU
		{C75FDB79-ADB2-44BE-984D-F00977793FC2}.Debug|Any CPU.ActiveCfg = Debug|Any CPU
		{C75FDB79-ADB2-44BE-984D-F00977793FC2}.Debug|Any CPU.Build.0 = Debug|Any CPU
		{C75FDB79-ADB2-44BE-984D-F00977793FC2}.Release|Any CPU.ActiveCfg = Release|Any CPU
		{C75FDB79-ADB2-44BE-984D-F00977793FC2}.Release|Any CPU.Build.0 = Release|Any CPU
		{90B3BD36-4923-4A79-B18D-E568F1ACB87A}.Debug|Any CPU.ActiveCfg = Debug|Any CPU
		{90B3BD36-4923-4A79-B18D-E568F1ACB87A}.Debug|Any CPU.Build.0 = Debug|Any CPU
		{90B3BD36-4923-4A79-B18D-E568F1ACB87A}.Release|Any CPU.ActiveCfg = Release|Any CPU
		{90B3BD36-4923-4A79-B18D-E568F1ACB87A}.Release|Any CPU.Build.0 = Release|Any CPU
		{CF779597-2E03-44DD-95B8-E431425C0323}.Debug|Any CPU.ActiveCfg = Debug|Any CPU
		{CF779597-2E03-44DD-95B8-E431425C0323}.Debug|Any CPU.Build.0 = Debug|Any CPU
		{CF779597-2E03-44DD-95B8-E431425C0323}.Release|Any CPU.ActiveCfg = Release|Any CPU
		{CF779597-2E03-44DD-95B8-E431425C0323}.Release|Any CPU.Build.0 = Release|Any CPU
		{44975DDE-F269-48B7-86AC-C664E72F741E}.Debug|Any CPU.ActiveCfg = Debug|Any CPU
		{44975DDE-F269-48B7-86AC-C664E72F741E}.Debug|Any CPU.Build.0 = Debug|Any CPU
		{44975DDE-F269-48B7-86AC-C664E72F741E}.Release|Any CPU.ActiveCfg = Release|Any CPU
		{44975DDE-F269-48B7-86AC-C664E72F741E}.Release|Any CPU.Build.0 = Release|Any CPU
	EndGlobalSection
EndGlobal
